// !$*UTF8*$!
{
	archiveVersion = 1;
	classes = {
	};
	objectVersion = 56;
	objects = {

/* Begin PBXBuildFile section */
		8A673AE12A702F07008EC3A0 /* contributorsApp.swift in Sources */ = {isa = PBXBuildFile; fileRef = 8A673AE02A702F07008EC3A0 /* contributorsApp.swift */; };
		8A673AE32A702F07008EC3A0 /* ContentView.swift in Sources */ = {isa = PBXBuildFile; fileRef = 8A673AE22A702F07008EC3A0 /* ContentView.swift */; };
		8A673AE52A702F08008EC3A0 /* Assets.xcassets in Resources */ = {isa = PBXBuildFile; fileRef = 8A673AE42A702F08008EC3A0 /* Assets.xcassets */; };
		8A673AE82A702F08008EC3A0 /* Preview Assets.xcassets in Resources */ = {isa = PBXBuildFile; fileRef = 8A673AE72A702F08008EC3A0 /* Preview Assets.xcassets */; };
		8A673AF22A702F09008EC3A0 /* contributorsTests.swift in Sources */ = {isa = PBXBuildFile; fileRef = 8A673AF12A702F09008EC3A0 /* contributorsTests.swift */; };
		8A673AFC2A702F09008EC3A0 /* contributorsUITests.swift in Sources */ = {isa = PBXBuildFile; fileRef = 8A673AFB2A702F09008EC3A0 /* contributorsUITests.swift */; };
		8A673AFE2A702F09008EC3A0 /* contributorsUITestsLaunchTests.swift in Sources */ = {isa = PBXBuildFile; fileRef = 8A673AFD2A702F09008EC3A0 /* contributorsUITestsLaunchTests.swift */; };
/* End PBXBuildFile section */

/* Begin PBXContainerItemProxy section */
		8A673AEE2A702F09008EC3A0 /* PBXContainerItemProxy */ = {
			isa = PBXContainerItemProxy;
			containerPortal = 8A673AD52A702F07008EC3A0 /* Project object */;
			proxyType = 1;
			remoteGlobalIDString = 8A673ADC2A702F07008EC3A0;
			remoteInfo = contributors;
		};
		8A673AF82A702F09008EC3A0 /* PBXContainerItemProxy */ = {
			isa = PBXContainerItemProxy;
			containerPortal = 8A673AD52A702F07008EC3A0 /* Project object */;
			proxyType = 1;
			remoteGlobalIDString = 8A673ADC2A702F07008EC3A0;
			remoteInfo = contributors;
		};
/* End PBXContainerItemProxy section */

/* Begin PBXFileReference section */
		8A673ADD2A702F07008EC3A0 /* contributors.app */ = {isa = PBXFileReference; explicitFileType = wrapper.application; includeInIndex = 0; path = contributors.app; sourceTree = BUILT_PRODUCTS_DIR; };
		8A673AE02A702F07008EC3A0 /* contributorsApp.swift */ = {isa = PBXFileReference; lastKnownFileType = sourcecode.swift; path = contributorsApp.swift; sourceTree = "<group>"; };
		8A673AE22A702F07008EC3A0 /* ContentView.swift */ = {isa = PBXFileReference; lastKnownFileType = sourcecode.swift; path = ContentView.swift; sourceTree = "<group>"; };
		8A673AE42A702F08008EC3A0 /* Assets.xcassets */ = {isa = PBXFileReference; lastKnownFileType = folder.assetcatalog; path = Assets.xcassets; sourceTree = "<group>"; };
		8A673AE72A702F08008EC3A0 /* Preview Assets.xcassets */ = {isa = PBXFileReference; lastKnownFileType = folder.assetcatalog; path = "Preview Assets.xcassets"; sourceTree = "<group>"; };
		8A673AED2A702F09008EC3A0 /* contributorsTests.xctest */ = {isa = PBXFileReference; explicitFileType = wrapper.cfbundle; includeInIndex = 0; path = contributorsTests.xctest; sourceTree = BUILT_PRODUCTS_DIR; };
		8A673AF12A702F09008EC3A0 /* contributorsTests.swift */ = {isa = PBXFileReference; lastKnownFileType = sourcecode.swift; path = contributorsTests.swift; sourceTree = "<group>"; };
		8A673AF72A702F09008EC3A0 /* contributorsUITests.xctest */ = {isa = PBXFileReference; explicitFileType = wrapper.cfbundle; includeInIndex = 0; path = contributorsUITests.xctest; sourceTree = BUILT_PRODUCTS_DIR; };
		8A673AFB2A702F09008EC3A0 /* contributorsUITests.swift */ = {isa = PBXFileReference; lastKnownFileType = sourcecode.swift; path = contributorsUITests.swift; sourceTree = "<group>"; };
		8A673AFD2A702F09008EC3A0 /* contributorsUITestsLaunchTests.swift */ = {isa = PBXFileReference; lastKnownFileType = sourcecode.swift; path = contributorsUITestsLaunchTests.swift; sourceTree = "<group>"; };
/* End PBXFileReference section */

/* Begin PBXFrameworksBuildPhase section */
		8A673ADA2A702F07008EC3A0 /* Frameworks */ = {
			isa = PBXFrameworksBuildPhase;
			buildActionMask = 2147483647;
			files = (
			);
			runOnlyForDeploymentPostprocessing = 0;
		};
		8A673AEA2A702F09008EC3A0 /* Frameworks */ = {
			isa = PBXFrameworksBuildPhase;
			buildActionMask = 2147483647;
			files = (
			);
			runOnlyForDeploymentPostprocessing = 0;
		};
		8A673AF42A702F09008EC3A0 /* Frameworks */ = {
			isa = PBXFrameworksBuildPhase;
			buildActionMask = 2147483647;
			files = (
			);
			runOnlyForDeploymentPostprocessing = 0;
		};
/* End PBXFrameworksBuildPhase section */

/* Begin PBXGroup section */
		8A673AD42A702F07008EC3A0 = {
			isa = PBXGroup;
			children = (
				8A673ADF2A702F07008EC3A0 /* contributors */,
				8A673AF02A702F09008EC3A0 /* contributorsTests */,
				8A673AFA2A702F09008EC3A0 /* contributorsUITests */,
				8A673ADE2A702F07008EC3A0 /* Products */,
			);
			sourceTree = "<group>";
		};
		8A673ADE2A702F07008EC3A0 /* Products */ = {
			isa = PBXGroup;
			children = (
				8A673ADD2A702F07008EC3A0 /* contributors.app */,
				8A673AED2A702F09008EC3A0 /* contributorsTests.xctest */,
				8A673AF72A702F09008EC3A0 /* contributorsUITests.xctest */,
			);
			name = Products;
			sourceTree = "<group>";
		};
		8A673ADF2A702F07008EC3A0 /* contributors */ = {
			isa = PBXGroup;
			children = (
				8A673AE02A702F07008EC3A0 /* contributorsApp.swift */,
				8A673AE22A702F07008EC3A0 /* ContentView.swift */,
				8A673AE42A702F08008EC3A0 /* Assets.xcassets */,
				8A673AE62A702F08008EC3A0 /* Preview Content */,
			);
			path = contributors;
			sourceTree = "<group>";
		};
		8A673AE62A702F08008EC3A0 /* Preview Content */ = {
			isa = PBXGroup;
			children = (
				8A673AE72A702F08008EC3A0 /* Preview Assets.xcassets */,
			);
			path = "Preview Content";
			sourceTree = "<group>";
		};
		8A673AF02A702F09008EC3A0 /* contributorsTests */ = {
			isa = PBXGroup;
			children = (
				8A673AF12A702F09008EC3A0 /* contributorsTests.swift */,
			);
			path = contributorsTests;
			sourceTree = "<group>";
		};
		8A673AFA2A702F09008EC3A0 /* contributorsUITests */ = {
			isa = PBXGroup;
			children = (
				8A673AFB2A702F09008EC3A0 /* contributorsUITests.swift */,
				8A673AFD2A702F09008EC3A0 /* contributorsUITestsLaunchTests.swift */,
			);
			path = contributorsUITests;
			sourceTree = "<group>";
		};
/* End PBXGroup section */

/* Begin PBXNativeTarget section */
		8A673ADC2A702F07008EC3A0 /* contributors */ = {
			isa = PBXNativeTarget;
			buildConfigurationList = 8A673B012A702F09008EC3A0 /* Build configuration list for PBXNativeTarget "contributors" */;
			buildPhases = (
				8A673AD92A702F07008EC3A0 /* Sources */,
				8A673ADA2A702F07008EC3A0 /* Frameworks */,
				8A673ADB2A702F07008EC3A0 /* Resources */,
			);
			buildRules = (
			);
			dependencies = (
			);
			name = contributors;
			productName = contributors;
			productReference = 8A673ADD2A702F07008EC3A0 /* contributors.app */;
			productType = "com.apple.product-type.application";
		};
		8A673AEC2A702F09008EC3A0 /* contributorsTests */ = {
			isa = PBXNativeTarget;
			buildConfigurationList = 8A673B042A702F09008EC3A0 /* Build configuration list for PBXNativeTarget "contributorsTests" */;
			buildPhases = (
				8A673AE92A702F09008EC3A0 /* Sources */,
				8A673AEA2A702F09008EC3A0 /* Frameworks */,
				8A673AEB2A702F09008EC3A0 /* Resources */,
			);
			buildRules = (
			);
			dependencies = (
				8A673AEF2A702F09008EC3A0 /* PBXTargetDependency */,
			);
			name = contributorsTests;
			productName = contributorsTests;
			productReference = 8A673AED2A702F09008EC3A0 /* contributorsTests.xctest */;
			productType = "com.apple.product-type.bundle.unit-test";
		};
		8A673AF62A702F09008EC3A0 /* contributorsUITests */ = {
			isa = PBXNativeTarget;
			buildConfigurationList = 8A673B072A702F09008EC3A0 /* Build configuration list for PBXNativeTarget "contributorsUITests" */;
			buildPhases = (
				8A673AF32A702F09008EC3A0 /* Sources */,
				8A673AF42A702F09008EC3A0 /* Frameworks */,
				8A673AF52A702F09008EC3A0 /* Resources */,
			);
			buildRules = (
			);
			dependencies = (
				8A673AF92A702F09008EC3A0 /* PBXTargetDependency */,
			);
			name = contributorsUITests;
			productName = contributorsUITests;
			productReference = 8A673AF72A702F09008EC3A0 /* contributorsUITests.xctest */;
			productType = "com.apple.product-type.bundle.ui-testing";
		};
/* End PBXNativeTarget section */

/* Begin PBXProject section */
		8A673AD52A702F07008EC3A0 /* Project object */ = {
			isa = PBXProject;
			attributes = {
				BuildIndependentTargetsInParallel = 1;
				LastSwiftUpdateCheck = 1430;
				LastUpgradeCheck = 1430;
				TargetAttributes = {
					8A673ADC2A702F07008EC3A0 = {
						CreatedOnToolsVersion = 14.3.1;
					};
					8A673AEC2A702F09008EC3A0 = {
						CreatedOnToolsVersion = 14.3.1;
						TestTargetID = 8A673ADC2A702F07008EC3A0;
					};
					8A673AF62A702F09008EC3A0 = {
						CreatedOnToolsVersion = 14.3.1;
						TestTargetID = 8A673ADC2A702F07008EC3A0;
					};
				};
			};
			buildConfigurationList = 8A673AD82A702F07008EC3A0 /* Build configuration list for PBXProject "contributors" */;
			compatibilityVersion = "Xcode 14.0";
			developmentRegion = en;
			hasScannedForEncodings = 0;
			knownRegions = (
				en,
				Base,
			);
			mainGroup = 8A673AD42A702F07008EC3A0;
			productRefGroup = 8A673ADE2A702F07008EC3A0 /* Products */;
			projectDirPath = "";
			projectRoot = "";
			targets = (
				8A673ADC2A702F07008EC3A0 /* contributors */,
				8A673AEC2A702F09008EC3A0 /* contributorsTests */,
				8A673AF62A702F09008EC3A0 /* contributorsUITests */,
			);
		};
/* End PBXProject section */

/* Begin PBXResourcesBuildPhase section */
		8A673ADB2A702F07008EC3A0 /* Resources */ = {
			isa = PBXResourcesBuildPhase;
			buildActionMask = 2147483647;
			files = (
				8A673AE82A702F08008EC3A0 /* Preview Assets.xcassets in Resources */,
				8A673AE52A702F08008EC3A0 /* Assets.xcassets in Resources */,
			);
			runOnlyForDeploymentPostprocessing = 0;
		};
		8A673AEB2A702F09008EC3A0 /* Resources */ = {
			isa = PBXResourcesBuildPhase;
			buildActionMask = 2147483647;
			files = (
			);
			runOnlyForDeploymentPostprocessing = 0;
		};
		8A673AF52A702F09008EC3A0 /* Resources */ = {
			isa = PBXResourcesBuildPhase;
			buildActionMask = 2147483647;
			files = (
			);
			runOnlyForDeploymentPostprocessing = 0;
		};
/* End PBXResourcesBuildPhase section */

/* Begin PBXSourcesBuildPhase section */
		8A673AD92A702F07008EC3A0 /* Sources */ = {
			isa = PBXSourcesBuildPhase;
			buildActionMask = 2147483647;
			files = (
				8A673AE32A702F07008EC3A0 /* ContentView.swift in Sources */,
				8A673AE12A702F07008EC3A0 /* contributorsApp.swift in Sources */,
			);
			runOnlyForDeploymentPostprocessing = 0;
		};
		8A673AE92A702F09008EC3A0 /* Sources */ = {
			isa = PBXSourcesBuildPhase;
			buildActionMask = 2147483647;
			files = (
				8A673AF22A702F09008EC3A0 /* contributorsTests.swift in Sources */,
			);
			runOnlyForDeploymentPostprocessing = 0;
		};
		8A673AF32A702F09008EC3A0 /* Sources */ = {
			isa = PBXSourcesBuildPhase;
			buildActionMask = 2147483647;
			files = (
				8A673AFE2A702F09008EC3A0 /* contributorsUITestsLaunchTests.swift in Sources */,
				8A673AFC2A702F09008EC3A0 /* contributorsUITests.swift in Sources */,
			);
			runOnlyForDeploymentPostprocessing = 0;
		};
/* End PBXSourcesBuildPhase section */

/* Begin PBXTargetDependency section */
		8A673AEF2A702F09008EC3A0 /* PBXTargetDependency */ = {
			isa = PBXTargetDependency;
			target = 8A673ADC2A702F07008EC3A0 /* contributors */;
			targetProxy = 8A673AEE2A702F09008EC3A0 /* PBXContainerItemProxy */;
		};
		8A673AF92A702F09008EC3A0 /* PBXTargetDependency */ = {
			isa = PBXTargetDependency;
			target = 8A673ADC2A702F07008EC3A0 /* contributors */;
			targetProxy = 8A673AF82A702F09008EC3A0 /* PBXContainerItemProxy */;
		};
/* End PBXTargetDependency section */

/* Begin XCBuildConfiguration section */
		8A673AFF2A702F09008EC3A0 /* Debug */ = {
			isa = XCBuildConfiguration;
			buildSettings = {
				ALWAYS_SEARCH_USER_PATHS = NO;
				CLANG_ANALYZER_NONNULL = YES;
				CLANG_ANALYZER_NUMBER_OBJECT_CONVERSION = YES_AGGRESSIVE;
				CLANG_CXX_LANGUAGE_STANDARD = "gnu++20";
				CLANG_ENABLE_MODULES = YES;
				CLANG_ENABLE_OBJC_ARC = YES;
				CLANG_ENABLE_OBJC_WEAK = YES;
				CLANG_WARN_BLOCK_CAPTURE_AUTORELEASING = YES;
				CLANG_WARN_BOOL_CONVERSION = YES;
				CLANG_WARN_COMMA = YES;
				CLANG_WARN_CONSTANT_CONVERSION = YES;
				CLANG_WARN_DEPRECATED_OBJC_IMPLEMENTATIONS = YES;
				CLANG_WARN_DIRECT_OBJC_ISA_USAGE = YES_ERROR;
				CLANG_WARN_DOCUMENTATION_COMMENTS = YES;
				CLANG_WARN_EMPTY_BODY = YES;
				CLANG_WARN_ENUM_CONVERSION = YES;
				CLANG_WARN_INFINITE_RECURSION = YES;
				CLANG_WARN_INT_CONVERSION = YES;
				CLANG_WARN_NON_LITERAL_NULL_CONVERSION = YES;
				CLANG_WARN_OBJC_IMPLICIT_RETAIN_SELF = YES;
				CLANG_WARN_OBJC_LITERAL_CONVERSION = YES;
				CLANG_WARN_OBJC_ROOT_CLASS = YES_ERROR;
				CLANG_WARN_QUOTED_INCLUDE_IN_FRAMEWORK_HEADER = YES;
				CLANG_WARN_RANGE_LOOP_ANALYSIS = YES;
				CLANG_WARN_STRICT_PROTOTYPES = YES;
				CLANG_WARN_SUSPICIOUS_MOVE = YES;
				CLANG_WARN_UNGUARDED_AVAILABILITY = YES_AGGRESSIVE;
				CLANG_WARN_UNREACHABLE_CODE = YES;
				CLANG_WARN__DUPLICATE_METHOD_MATCH = YES;
				COPY_PHASE_STRIP = NO;
				DEBUG_INFORMATION_FORMAT = dwarf;
				ENABLE_STRICT_OBJC_MSGSEND = YES;
				ENABLE_TESTABILITY = YES;
				GCC_C_LANGUAGE_STANDARD = gnu11;
				GCC_DYNAMIC_NO_PIC = NO;
				GCC_NO_COMMON_BLOCKS = YES;
				GCC_OPTIMIZATION_LEVEL = 0;
				GCC_PREPROCESSOR_DEFINITIONS = (
					"DEBUG=1",
					"$(inherited)",
				);
				GCC_WARN_64_TO_32_BIT_CONVERSION = YES;
				GCC_WARN_ABOUT_RETURN_TYPE = YES_ERROR;
				GCC_WARN_UNDECLARED_SELECTOR = YES;
				GCC_WARN_UNINITIALIZED_AUTOS = YES_AGGRESSIVE;
				GCC_WARN_UNUSED_FUNCTION = YES;
				GCC_WARN_UNUSED_VARIABLE = YES;
				IPHONEOS_DEPLOYMENT_TARGET = 16.4;
				MTL_ENABLE_DEBUG_INFO = INCLUDE_SOURCE;
				MTL_FAST_MATH = YES;
				ONLY_ACTIVE_ARCH = YES;
				SDKROOT = iphoneos;
				SWIFT_ACTIVE_COMPILATION_CONDITIONS = DEBUG;
				SWIFT_OPTIMIZATION_LEVEL = "-Onone";
			};
			name = Debug;
		};
		8A673B002A702F09008EC3A0 /* Release */ = {
			isa = XCBuildConfiguration;
			buildSettings = {
				ALWAYS_SEARCH_USER_PATHS = NO;
				CLANG_ANALYZER_NONNULL = YES;
				CLANG_ANALYZER_NUMBER_OBJECT_CONVERSION = YES_AGGRESSIVE;
				CLANG_CXX_LANGUAGE_STANDARD = "gnu++20";
				CLANG_ENABLE_MODULES = YES;
				CLANG_ENABLE_OBJC_ARC = YES;
				CLANG_ENABLE_OBJC_WEAK = YES;
				CLANG_WARN_BLOCK_CAPTURE_AUTORELEASING = YES;
				CLANG_WARN_BOOL_CONVERSION = YES;
				CLANG_WARN_COMMA = YES;
				CLANG_WARN_CONSTANT_CONVERSION = YES;
				CLANG_WARN_DEPRECATED_OBJC_IMPLEMENTATIONS = YES;
				CLANG_WARN_DIRECT_OBJC_ISA_USAGE = YES_ERROR;
				CLANG_WARN_DOCUMENTATION_COMMENTS = YES;
				CLANG_WARN_EMPTY_BODY = YES;
				CLANG_WARN_ENUM_CONVERSION = YES;
				CLANG_WARN_INFINITE_RECURSION = YES;
				CLANG_WARN_INT_CONVERSION = YES;
				CLANG_WARN_NON_LITERAL_NULL_CONVERSION = YES;
				CLANG_WARN_OBJC_IMPLICIT_RETAIN_SELF = YES;
				CLANG_WARN_OBJC_LITERAL_CONVERSION = YES;
				CLANG_WARN_OBJC_ROOT_CLASS = YES_ERROR;
				CLANG_WARN_QUOTED_INCLUDE_IN_FRAMEWORK_HEADER = YES;
				CLANG_WARN_RANGE_LOOP_ANALYSIS = YES;
				CLANG_WARN_STRICT_PROTOTYPES = YES;
				CLANG_WARN_SUSPICIOUS_MOVE = YES;
				CLANG_WARN_UNGUARDED_AVAILABILITY = YES_AGGRESSIVE;
				CLANG_WARN_UNREACHABLE_CODE = YES;
				CLANG_WARN__DUPLICATE_METHOD_MATCH = YES;
				COPY_PHASE_STRIP = NO;
				DEBUG_INFORMATION_FORMAT = "dwarf-with-dsym";
				ENABLE_NS_ASSERTIONS = NO;
				ENABLE_STRICT_OBJC_MSGSEND = YES;
				GCC_C_LANGUAGE_STANDARD = gnu11;
				GCC_NO_COMMON_BLOCKS = YES;
				GCC_WARN_64_TO_32_BIT_CONVERSION = YES;
				GCC_WARN_ABOUT_RETURN_TYPE = YES_ERROR;
				GCC_WARN_UNDECLARED_SELECTOR = YES;
				GCC_WARN_UNINITIALIZED_AUTOS = YES_AGGRESSIVE;
				GCC_WARN_UNUSED_FUNCTION = YES;
				GCC_WARN_UNUSED_VARIABLE = YES;
				IPHONEOS_DEPLOYMENT_TARGET = 16.4;
				MTL_ENABLE_DEBUG_INFO = NO;
				MTL_FAST_MATH = YES;
				SDKROOT = iphoneos;
				SWIFT_COMPILATION_MODE = wholemodule;
				SWIFT_OPTIMIZATION_LEVEL = "-O";
				VALIDATE_PRODUCT = YES;
			};
			name = Release;
		};
		8A673B022A702F09008EC3A0 /* Debug */ = {
			isa = XCBuildConfiguration;
			buildSettings = {
				ASSETCATALOG_COMPILER_APPICON_NAME = AppIcon;
				ASSETCATALOG_COMPILER_GLOBAL_ACCENT_COLOR_NAME = AccentColor;
				CODE_SIGN_STYLE = Automatic;
				CURRENT_PROJECT_VERSION = 1;
				DEVELOPMENT_ASSET_PATHS = "\"contributors/Preview Content\"";
				DEVELOPMENT_TEAM = W6QLPMZAJG;
				ENABLE_PREVIEWS = YES;
				GENERATE_INFOPLIST_FILE = YES;
				INFOPLIST_KEY_UIApplicationSceneManifest_Generation = YES;
				INFOPLIST_KEY_UIApplicationSupportsIndirectInputEvents = YES;
				INFOPLIST_KEY_UILaunchScreen_Generation = YES;
				INFOPLIST_KEY_UISupportedInterfaceOrientations_iPad = "UIInterfaceOrientationPortrait UIInterfaceOrientationPortraitUpsideDown UIInterfaceOrientationLandscapeLeft UIInterfaceOrientationLandscapeRight";
				INFOPLIST_KEY_UISupportedInterfaceOrientations_iPhone = "UIInterfaceOrientationPortrait UIInterfaceOrientationLandscapeLeft UIInterfaceOrientationLandscapeRight";
				LD_RUNPATH_SEARCH_PATHS = (
					"$(inherited)",
					"@executable_path/Frameworks",
				);
				MARKETING_VERSION = 1.0;
				PRODUCT_BUNDLE_IDENTIFIER = com.eduh.contributors;
				PRODUCT_NAME = "$(TARGET_NAME)";
				SWIFT_EMIT_LOC_STRINGS = YES;
				SWIFT_VERSION = 5.0;
				TARGETED_DEVICE_FAMILY = "1,2";
			};
			name = Debug;
		};
		8A673B032A702F09008EC3A0 /* Release */ = {
			isa = XCBuildConfiguration;
			buildSettings = {
				ASSETCATALOG_COMPILER_APPICON_NAME = AppIcon;
				ASSETCATALOG_COMPILER_GLOBAL_ACCENT_COLOR_NAME = AccentColor;
				CODE_SIGN_STYLE = Automatic;
				CURRENT_PROJECT_VERSION = 1;
				DEVELOPMENT_ASSET_PATHS = "\"contributors/Preview Content\"";
				DEVELOPMENT_TEAM = W6QLPMZAJG;
				ENABLE_PREVIEWS = YES;
				GENERATE_INFOPLIST_FILE = YES;
				INFOPLIST_KEY_UIApplicationSceneManifest_Generation = YES;
				INFOPLIST_KEY_UIApplicationSupportsIndirectInputEvents = YES;
				INFOPLIST_KEY_UILaunchScreen_Generation = YES;
				INFOPLIST_KEY_UISupportedInterfaceOrientations_iPad = "UIInterfaceOrientationPortrait UIInterfaceOrientationPortraitUpsideDown UIInterfaceOrientationLandscapeLeft UIInterfaceOrientationLandscapeRight";
				INFOPLIST_KEY_UISupportedInterfaceOrientations_iPhone = "UIInterfaceOrientationPortrait UIInterfaceOrientationLandscapeLeft UIInterfaceOrientationLandscapeRight";
				LD_RUNPATH_SEARCH_PATHS = (
					"$(inherited)",
					"@executable_path/Frameworks",
				);
				MARKETING_VERSION = 1.0;
				PRODUCT_BUNDLE_IDENTIFIER = com.eduh.contributors;
				PRODUCT_NAME = "$(TARGET_NAME)";
				SWIFT_EMIT_LOC_STRINGS = YES;
				SWIFT_VERSION = 5.0;
				TARGETED_DEVICE_FAMILY = "1,2";
			};
			name = Release;
		};
		8A673B052A702F09008EC3A0 /* Debug */ = {
			isa = XCBuildConfiguration;
			buildSettings = {
				ALWAYS_EMBED_SWIFT_STANDARD_LIBRARIES = YES;
				BUNDLE_LOADER = "$(TEST_HOST)";
				CODE_SIGN_STYLE = Automatic;
				CURRENT_PROJECT_VERSION = 1;
				DEVELOPMENT_TEAM = W6QLPMZAJG;
				GENERATE_INFOPLIST_FILE = YES;
				IPHONEOS_DEPLOYMENT_TARGET = 16.4;
				MARKETING_VERSION = 1.0;
				PRODUCT_BUNDLE_IDENTIFIER = com.eduh.contributorsTests;
				PRODUCT_NAME = "$(TARGET_NAME)";
				SWIFT_EMIT_LOC_STRINGS = NO;
				SWIFT_VERSION = 5.0;
				TARGETED_DEVICE_FAMILY = "1,2";
				TEST_HOST = "$(BUILT_PRODUCTS_DIR)/contributors.app/$(BUNDLE_EXECUTABLE_FOLDER_PATH)/contributors";
			};
			name = Debug;
		};
		8A673B062A702F09008EC3A0 /* Release */ = {
			isa = XCBuildConfiguration;
			buildSettings = {
				ALWAYS_EMBED_SWIFT_STANDARD_LIBRARIES = YES;
				BUNDLE_LOADER = "$(TEST_HOST)";
				CODE_SIGN_STYLE = Automatic;
				CURRENT_PROJECT_VERSION = 1;
				DEVELOPMENT_TEAM = W6QLPMZAJG;
				GENERATE_INFOPLIST_FILE = YES;
				IPHONEOS_DEPLOYMENT_TARGET = 16.4;
				MARKETING_VERSION = 1.0;
				PRODUCT_BUNDLE_IDENTIFIER = com.eduh.contributorsTests;
				PRODUCT_NAME = "$(TARGET_NAME)";
				SWIFT_EMIT_LOC_STRINGS = NO;
				SWIFT_VERSION = 5.0;
				TARGETED_DEVICE_FAMILY = "1,2";
				TEST_HOST = "$(BUILT_PRODUCTS_DIR)/contributors.app/$(BUNDLE_EXECUTABLE_FOLDER_PATH)/contributors";
			};
			name = Release;
		};
		8A673B082A702F09008EC3A0 /* Debug */ = {
			isa = XCBuildConfiguration;
			buildSettings = {
				ALWAYS_EMBED_SWIFT_STANDARD_LIBRARIES = YES;
				CODE_SIGN_STYLE = Automatic;
				CURRENT_PROJECT_VERSION = 1;
				DEVELOPMENT_TEAM = W6QLPMZAJG;
				GENERATE_INFOPLIST_FILE = YES;
				MARKETING_VERSION = 1.0;
				PRODUCT_BUNDLE_IDENTIFIER = com.eduh.contributorsUITests;
				PRODUCT_NAME = "$(TARGET_NAME)";
				SWIFT_EMIT_LOC_STRINGS = NO;
				SWIFT_VERSION = 5.0;
				TARGETED_DEVICE_FAMILY = "1,2";
				TEST_TARGET_NAME = contributors;
			};
			name = Debug;
		};
		8A673B092A702F09008EC3A0 /* Release */ = {
			isa = XCBuildConfiguration;
			buildSettings = {
				ALWAYS_EMBED_SWIFT_STANDARD_LIBRARIES = YES;
				CODE_SIGN_STYLE = Automatic;
				CURRENT_PROJECT_VERSION = 1;
				DEVELOPMENT_TEAM = W6QLPMZAJG;
				GENERATE_INFOPLIST_FILE = YES;
				MARKETING_VERSION = 1.0;
				PRODUCT_BUNDLE_IDENTIFIER = com.eduh.contributorsUITests;
				PRODUCT_NAME = "$(TARGET_NAME)";
				SWIFT_EMIT_LOC_STRINGS = NO;
				SWIFT_VERSION = 5.0;
				TARGETED_DEVICE_FAMILY = "1,2";
				TEST_TARGET_NAME = contributors;
			};
			name = Release;
		};
/* End XCBuildConfiguration section */

/* Begin XCConfigurationList section */
		8A673AD82A702F07008EC3A0 /* Build configuration list for PBXProject "contributors" */ = {
			isa = XCConfigurationList;
			buildConfigurations = (
				8A673AFF2A702F09008EC3A0 /* Debug */,
				8A673B002A702F09008EC3A0 /* Release */,
			);
			defaultConfigurationIsVisible = 0;
			defaultConfigurationName = Release;
		};
		8A673B012A702F09008EC3A0 /* Build configuration list for PBXNativeTarget "contributors" */ = {
			isa = XCConfigurationList;
			buildConfigurations = (
				8A673B022A702F09008EC3A0 /* Debug */,
				8A673B032A702F09008EC3A0 /* Release */,
			);
			defaultConfigurationIsVisible = 0;
			defaultConfigurationName = Release;
		};
		8A673B042A702F09008EC3A0 /* Build configuration list for PBXNativeTarget "contributorsTests" */ = {
			isa = XCConfigurationList;
			buildConfigurations = (
				8A673B052A702F09008EC3A0 /* Debug */,
				8A673B062A702F09008EC3A0 /* Release */,
			);
			defaultConfigurationIsVisible = 0;
			defaultConfigurationName = Release;
		};
		8A673B072A702F09008EC3A0 /* Build configuration list for PBXNativeTarget "contributorsUITests" */ = {
			isa = XCConfigurationList;
			buildConfigurations = (
				8A673B082A702F09008EC3A0 /* Debug */,
				8A673B092A702F09008EC3A0 /* Release */,
			);
			defaultConfigurationIsVisible = 0;
			defaultConfigurationName = Release;
		};
/* End XCConfigurationList section */
	};
	rootObject = 8A673AD52A702F07008EC3A0 /* Project object */;
}
